
Microsoft Visual Studio Solution File, Format Version 12.00
# Visual Studio Version 16
VisualStudioVersion = 16.0.31702.278
MinimumVisualStudioVersion = 10.0.40219.1
Project("{8BC9CEB8-8B4A-11D0-8D11-00A0C91BC942}") = "WhispersAbyss", "WhispersAbyss\WhispersAbyss.vcxproj", "{5E6F7593-97CD-4CEE-92D0-CF8A9780CF55}"
EndProject
Project("{888888A0-9F3D-457C-B088-3A5042F75D52}") = "ShadowWalker", "ShadowWalker\ShadowWalker.pyproj", "{35DF0F76-C20A-45D7-B10F-2443DCE0882A}"
EndProject
Global
	GlobalSection(SolutionConfigurationPlatforms) = preSolution
		Debug|Any CPU = Debug|Any CPU
		Debug|x86 = Debug|x86
		Release|Any CPU = Release|Any CPU
		Release|x86 = Release|x86
	EndGlobalSection
	GlobalSection(ProjectConfigurationPlatforms) = postSolution
		{5E6F7593-97CD-4CEE-92D0-CF8A9780CF55}.Debug|Any CPU.ActiveCfg = Debug|Win32
		{5E6F7593-97CD-4CEE-92D0-CF8A9780CF55}.Debug|x86.ActiveCfg = Debug|Win32
		{5E6F7593-97CD-4CEE-92D0-CF8A9780CF55}.Debug|x86.Build.0 = Debug|Win32
		{5E6F7593-97CD-4CEE-92D0-CF8A9780CF55}.Release|Any CPU.ActiveCfg = Release|Win32
		{5E6F7593-97CD-4CEE-92D0-CF8A9780CF55}.Release|x86.ActiveCfg = Release|Win32
		{5E6F7593-97CD-4CEE-92D0-CF8A9780CF55}.Release|x86.Build.0 = Release|Win32
		{35DF0F76-C20A-45D7-B10F-2443DCE0882A}.Debug|Any CPU.ActiveCfg = Debug|Any CPU
		{35DF0F76-C20A-45D7-B10F-2443DCE0882A}.Debug|x86.ActiveCfg = Debug|Any CPU
		{35DF0F76-C20A-45D7-B10F-2443DCE0882A}.Release|Any CPU.ActiveCfg = Release|Any CPU
		{35DF0F76-C20A-45D7-B10F-2443DCE0882A}.Release|x86.ActiveCfg = Release|Any CPU
	EndGlobalSection
	GlobalSection(SolutionProperties) = preSolution
		HideSolutionNode = FALSE
	EndGlobalSection
	GlobalSection(ExtensibilityGlobals) = postSolution
		SolutionGuid = {795C4CC0-B137-4584-9EF7-88FFD6DAE406}
	EndGlobalSection
EndGlobal
